dependencies:
- name: kibana
  repository: https://kubernetes-charts.storage.googleapis.com
  version: 0.4.1
- name: fluent-bit
  repository: https://kubernetes-charts.storage.googleapis.com
  version: 0.4.1
digest: sha256:520170437b72bc067af5779e8d6d80513ab7de9af9a773d7ed0014edc3a1821b
generated: 2018-06-20T14:00:15.096342214-06:00
